
Microsoft Visual Studio Solution File, Format Version 12.00
# Visual Studio 15
VisualStudioVersion = 15.0.27428.2037
MinimumVisualStudioVersion = 10.0.40219.1
Project("{FAE04EC0-301F-11D3-BF4B-00C04F79EFBC}") = "Activator", "Activator\Activator.csproj", "{F1976344-E361-42EA-A8A7-0959E938890E}"
EndProject
Global
	GlobalSection(SolutionConfigurationPlatforms) = preSolution
		Debug|Any CPU = Debug|Any CPU
		Release|Any CPU = Release|Any CPU
	EndGlobalSection
	GlobalSection(ProjectConfigurationPlatforms) = postSolution
		{F1976344-E361-42EA-A8A7-0959E938890E}.Debug|Any CPU.ActiveCfg = Debug|Any CPU
		{F1976344-E361-42EA-A8A7-0959E938890E}.Debug|Any CPU.Build.0 = Debug|Any CPU
		{F1976344-E361-42EA-A8A7-0959E938890E}.Release|Any CPU.ActiveCfg = Release|Any CPU
		{F1976344-E361-42EA-A8A7-0959E938890E}.Release|Any CPU.Build.0 = Release|Any CPU
	EndGlobalSection
	GlobalSection(SolutionProperties) = preSolution
		HideSolutionNode = FALSE
	EndGlobalSection
	GlobalSection(ExtensibilityGlobals) = postSolution
		SolutionGuid = {AE11E58A-39F6-4ED6-BC71-63DB2DF75484}
	EndGlobalSection
EndGlobal
